
Microsoft Visual Studio Solution File, Format Version 12.00
# Visual Studio Version 17
VisualStudioVersion = 17.5.002.0
MinimumVisualStudioVersion = 10.0.40219.1
Project("{9A19103F-16F7-4668-BE54-9A1E7A4F7556}") = "TarefasApi", "TarefasApi.csproj", "{85314BED-F7C2-4115-9EA1-3C6EC1F5AAFC}"
EndProject
Global
	GlobalSection(SolutionConfigurationPlatforms) = preSolution
		Debug|Any CPU = Debug|Any CPU
		Release|Any CPU = Release|Any CPU
	EndGlobalSection
	GlobalSection(ProjectConfigurationPlatforms) = postSolution
		{85314BED-F7C2-4115-9EA1-3C6EC1F5AAFC}.Debug|Any CPU.ActiveCfg = Debug|Any CPU
		{85314BED-F7C2-4115-9EA1-3C6EC1F5AAFC}.Debug|Any CPU.Build.0 = Debug|Any CPU
		{85314BED-F7C2-4115-9EA1-3C6EC1F5AAFC}.Release|Any CPU.ActiveCfg = Release|Any CPU
		{85314BED-F7C2-4115-9EA1-3C6EC1F5AAFC}.Release|Any CPU.Build.0 = Release|Any CPU
	EndGlobalSection
	GlobalSection(SolutionProperties) = preSolution
		HideSolutionNode = FALSE
	EndGlobalSection
	GlobalSection(ExtensibilityGlobals) = postSolution
		SolutionGuid = {34F58E93-AEC1-4FBA-A470-84189653E4E5}
	EndGlobalSection
EndGlobal
